Microsoft Visual Studio Solution File, Format Version 11.00
# Visual Studio 2008

Project("{FC097F23-63A9-D406-2345-98AC38EB4368}") = "RePlay_platform", "Assembly-CSharp-firstpass-vs.csproj", "{967ADFE9-6F59-026C-FFF9-0E6596C957D4}"
EndProject
Project("{FC097F23-63A9-D406-2345-98AC38EB4368}") = "RePlay_platform", "Assembly-CSharp-vs.csproj", "{1B90FA85-4B69-9844-BD08-81DEAB11F050}"
EndProject
Project("{FC097F23-63A9-D406-2345-98AC38EB4368}") = "RePlay_platform", "Assembly-CSharp-Editor-firstpass-vs.csproj", "{3715635D-77F2-A931-FED0-871B85C2AE17}"
EndProject
Project("{FC097F23-63A9-D406-2345-98AC38EB4368}") = "RePlay_platform", "Assembly-CSharp-Editor-vs.csproj", "{E0224299-230F-2C65-37AF-F5A4EB25413C}"
EndProject
Global
	GlobalSection(SolutionConfigurationPlatforms) = preSolution
		Debug|Any CPU = Debug|Any CPU
		Release|Any CPU = Release|Any CPU
	EndGlobalSection
	GlobalSection(ProjectConfigurationPlatforms) = postSolution
		{967ADFE9-6F59-026C-FFF9-0E6596C957D4}.Debug|Any CPU.ActiveCfg = Debug|Any CPU
		{967ADFE9-6F59-026C-FFF9-0E6596C957D4}.Debug|Any CPU.Build.0 = Debug|Any CPU
		{967ADFE9-6F59-026C-FFF9-0E6596C957D4}.Release|Any CPU.ActiveCfg = Release|Any CPU
		{967ADFE9-6F59-026C-FFF9-0E6596C957D4}.Release|Any CPU.Build.0 = Release|Any CPU
		{1B90FA85-4B69-9844-BD08-81DEAB11F050}.Debug|Any CPU.ActiveCfg = Debug|Any CPU
		{1B90FA85-4B69-9844-BD08-81DEAB11F050}.Debug|Any CPU.Build.0 = Debug|Any CPU
		{1B90FA85-4B69-9844-BD08-81DEAB11F050}.Release|Any CPU.ActiveCfg = Release|Any CPU
		{1B90FA85-4B69-9844-BD08-81DEAB11F050}.Release|Any CPU.Build.0 = Release|Any CPU
		{3715635D-77F2-A931-FED0-871B85C2AE17}.Debug|Any CPU.ActiveCfg = Debug|Any CPU
		{3715635D-77F2-A931-FED0-871B85C2AE17}.Debug|Any CPU.Build.0 = Debug|Any CPU
		{3715635D-77F2-A931-FED0-871B85C2AE17}.Release|Any CPU.ActiveCfg = Release|Any CPU
		{3715635D-77F2-A931-FED0-871B85C2AE17}.Release|Any CPU.Build.0 = Release|Any CPU
		{E0224299-230F-2C65-37AF-F5A4EB25413C}.Debug|Any CPU.ActiveCfg = Debug|Any CPU
		{E0224299-230F-2C65-37AF-F5A4EB25413C}.Debug|Any CPU.Build.0 = Debug|Any CPU
		{E0224299-230F-2C65-37AF-F5A4EB25413C}.Release|Any CPU.ActiveCfg = Release|Any CPU
		{E0224299-230F-2C65-37AF-F5A4EB25413C}.Release|Any CPU.Build.0 = Release|Any CPU
	EndGlobalSection
	GlobalSection(SolutionProperties) = preSolution
		HideSolutionNode = FALSE
	EndGlobalSection
																																																																																																																																																																																														GlobalSection(MonoDevelopProperties) = preSolution
=======
																																																																																																																																																																														GlobalSection(MonoDevelopProperties) = preSolution
>>>>>>> a2d68c9bd2ea4077463e04c158580cba260eb5a4
=======
																																																																																																																																																																																				GlobalSection(MonoDevelopProperties) = preSolution
>>>>>>> bde1fba2ce479dd2cc36b939f90521c60b89579a
=======
																																																																																																																									GlobalSection(MonoDevelopProperties) = preSolution
>>>>>>> f302a3f1a950aeb795aeffa3dfd6bcc88b66a443
		StartupItem = Assembly-CSharp.csproj
		Policies = $0
		$0.TextStylePolicy = $1
		$1.inheritsSet = null
		$1.scope = text/x-csharp
		$0.CSharpFormattingPolicy = $2
		$2.inheritsSet = Mono
		$2.inheritsScope = text/x-csharp
		$2.scope = text/x-csharp
		$0.TextStylePolicy = $3
		$3.FileWidth = 120
		$3.TabWidth = 4
		$3.EolMarker = Unix
		$3.inheritsSet = Mono
		$3.inheritsScope = text/plain
		$3.scope = text/plain
	EndGlobalSection

EndGlobal
